
Microsoft Visual Studio Solution File, Format Version 12.00
# Visual Studio Version 16
VisualStudioVersion = 16.0.32126.315
MinimumVisualStudioVersion = 10.0.40219.1
Project("{9A19103F-16F7-4668-BE54-9A1E7A4F7556}") = "SinkConnectorToSynapse", "SinkConnectorToSynapse\SinkConnectorToSynapse.csproj", "{A27F8B15-D701-4484-ADC0-8426FE9D430B}"
EndProject
Global
	GlobalSection(SolutionConfigurationPlatforms) = preSolution
		Debug|Any CPU = Debug|Any CPU
		Release|Any CPU = Release|Any CPU
	EndGlobalSection
	GlobalSection(ProjectConfigurationPlatforms) = postSolution
		{A27F8B15-D701-4484-ADC0-8426FE9D430B}.Debug|Any CPU.ActiveCfg = Debug|Any CPU
		{A27F8B15-D701-4484-ADC0-8426FE9D430B}.Debug|Any CPU.Build.0 = Debug|Any CPU
		{A27F8B15-D701-4484-ADC0-8426FE9D430B}.Release|Any CPU.ActiveCfg = Release|Any CPU
		{A27F8B15-D701-4484-ADC0-8426FE9D430B}.Release|Any CPU.Build.0 = Release|Any CPU
	EndGlobalSection
	GlobalSection(SolutionProperties) = preSolution
		HideSolutionNode = FALSE
	EndGlobalSection
	GlobalSection(ExtensibilityGlobals) = postSolution
		SolutionGuid = {8E268927-E24C-4CF4-9DEA-34B4F421BE1B}
	EndGlobalSection
EndGlobal
